
Microsoft Visual Studio Solution File, Format Version 12.00
# Visual Studio 14
VisualStudioVersion = 14.0.23107.0
MinimumVisualStudioVersion = 10.0.40219.1
Project("{FAE04EC0-301F-11D3-BF4B-00C04F79EFBC}") = "W2.PacketSniffer.Core", "W2.PacketSniffer.Core\W2.PacketSniffer.Core.csproj", "{B3EF30F8-59BB-4343-A967-DD623FC37F63}"
EndProject
Project("{FAE04EC0-301F-11D3-BF4B-00C04F79EFBC}") = "W2.PacketSniffer", "W2.PacketSniffer\W2.PacketSniffer.csproj", "{98D43909-9F34-4496-8455-DCAA759533C8}"
EndProject
Global
	GlobalSection(SolutionConfigurationPlatforms) = preSolution
		Debug|Any CPU = Debug|Any CPU
		Release|Any CPU = Release|Any CPU
	EndGlobalSection
	GlobalSection(ProjectConfigurationPlatforms) = postSolution
		{B3EF30F8-59BB-4343-A967-DD623FC37F63}.Debug|Any CPU.ActiveCfg = Debug|Any CPU
		{B3EF30F8-59BB-4343-A967-DD623FC37F63}.Debug|Any CPU.Build.0 = Debug|Any CPU
		{B3EF30F8-59BB-4343-A967-DD623FC37F63}.Release|Any CPU.ActiveCfg = Release|Any CPU
		{B3EF30F8-59BB-4343-A967-DD623FC37F63}.Release|Any CPU.Build.0 = Release|Any CPU
		{98D43909-9F34-4496-8455-DCAA759533C8}.Debug|Any CPU.ActiveCfg = Debug|Any CPU
		{98D43909-9F34-4496-8455-DCAA759533C8}.Debug|Any CPU.Build.0 = Debug|Any CPU
		{98D43909-9F34-4496-8455-DCAA759533C8}.Release|Any CPU.ActiveCfg = Release|Any CPU
		{98D43909-9F34-4496-8455-DCAA759533C8}.Release|Any CPU.Build.0 = Release|Any CPU
	EndGlobalSection
	GlobalSection(SolutionProperties) = preSolution
		HideSolutionNode = FALSE
	EndGlobalSection
EndGlobal
